
Microsoft Visual Studio Solution File, Format Version 12.00
# Visual Studio 2012
Project("{FAE04EC0-301F-11D3-BF4B-00C04F79EFBC}") = "SiteLanguageBlocker", "SiteLanguageBlocker\SiteLanguageBlocker.csproj", "{C6B6027D-0E13-4EE8-AFA6-BEF9003A83C0}"
EndProject
Project("{FAE04EC0-301F-11D3-BF4B-00C04F79EFBC}") = "Website", "Website\Website.csproj", "{C3EBDC25-636C-441B-8664-1A56D5130112}"
EndProject
Global
	GlobalSection(SolutionConfigurationPlatforms) = preSolution
		Debug|Any CPU = Debug|Any CPU
		Release|Any CPU = Release|Any CPU
	EndGlobalSection
	GlobalSection(ProjectConfigurationPlatforms) = postSolution
		{C6B6027D-0E13-4EE8-AFA6-BEF9003A83C0}.Debug|Any CPU.ActiveCfg = Debug|Any CPU
		{C6B6027D-0E13-4EE8-AFA6-BEF9003A83C0}.Debug|Any CPU.Build.0 = Debug|Any CPU
		{C6B6027D-0E13-4EE8-AFA6-BEF9003A83C0}.Release|Any CPU.ActiveCfg = Release|Any CPU
		{C6B6027D-0E13-4EE8-AFA6-BEF9003A83C0}.Release|Any CPU.Build.0 = Release|Any CPU
		{C3EBDC25-636C-441B-8664-1A56D5130112}.Debug|Any CPU.ActiveCfg = Debug|Any CPU
		{C3EBDC25-636C-441B-8664-1A56D5130112}.Debug|Any CPU.Build.0 = Debug|Any CPU
		{C3EBDC25-636C-441B-8664-1A56D5130112}.Release|Any CPU.ActiveCfg = Release|Any CPU
		{C3EBDC25-636C-441B-8664-1A56D5130112}.Release|Any CPU.Build.0 = Release|Any CPU
	EndGlobalSection
	GlobalSection(SolutionProperties) = preSolution
		HideSolutionNode = FALSE
	EndGlobalSection
EndGlobal
